PODS:
  - CocoaLumberjack (1.8.1):
    - CocoaLumberjack/Extensions
  - CocoaLumberjack/Core (1.8.1)
  - CocoaLumberjack/Extensions (1.8.1):
    - CocoaLumberjack/Core
  - SFBluetoothLowEnergyDevice (0.9.4):
    - CocoaLumberjack
    - SFBluetoothLowEnergyDevice/Private
  - SFBluetoothLowEnergyDevice/Private (0.9.4):
    - CocoaLumberjack

DEPENDENCIES:
  - SFBluetoothLowEnergyDevice (from `../`)

EXTERNAL SOURCES:
  SFBluetoothLowEnergyDevice:
    :path: ../

SPEC CHECKSUMS:
  CocoaLumberjack: 020378ec400d658923bf5887178394f65f052c90
  SFBluetoothLowEnergyDevice: 5d8a4717ad610944a93c5f76976b7a6b32380b43

COCOAPODS: 0.31.1
